// !$*UTF8*$!
{
	archiveVersion = 1;
	classes = {
	};
	objectVersion = 46;
	objects = {

/* Begin PBXBuildFile section */
		A1775DE61B408EC1009A03E5 /* main.m in Sources */ = {isa = PBXBuildFile; fileRef = A1775DE51B408EC1009A03E5 /* main.m */; };
		A1775DE91B408EC1009A03E5 /* AppDelegate.m in Sources */ = {isa = PBXBuildFile; fileRef = A1775DE81B408EC1009A03E5 /* AppDelegate.m */; };
		A1775DEC1B408EC1009A03E5 /* MasterViewController.m in Sources */ = {isa = PBXBuildFile; fileRef = A1775DEB1B408EC1009A03E5 /* MasterViewController.m */; };
		A1775DEF1B408EC1009A03E5 /* DetailViewController.m in Sources */ = {isa = PBXBuildFile; fileRef = A1775DEE1B408EC1009A03E5 /* DetailViewController.m */; };
		A1775DF21B408EC1009A03E5 /* Main.storyboard in Resources */ = {isa = PBXBuildFile; fileRef = A1775DF01B408EC1009A03E5 /* Main.storyboard */; };
		A1775DF41B408EC1009A03E5 /* Images.xcassets in Resources */ = {isa = PBXBuildFile; fileRef = A1775DF31B408EC1009A03E5 /* Images.xcassets */; };
		A1775DF71B408EC1009A03E5 /* LaunchScreen.xib in Resources */ = {isa = PBXBuildFile; fileRef = A1775DF51B408EC1009A03E5 /* LaunchScreen.xib */; };
		A1775E031B408EC1009A03E5 /* AddressBookDisplayTests.m in Sources */ = {isa = PBXBuildFile; fileRef = A1775E021B408EC1009A03E5 /* AddressBookDisplayTests.m */; };
		A1775E131B40ADB7009A03E5 /* RandomUserCollector.m in Sources */ = {isa = PBXBuildFile; fileRef = A1775E121B40ADB7009A03E5 /* RandomUserCollector.m */; };
		A18872631B40DBCD00E6A832 /* RandomUserConverter.m in Sources */ = {isa = PBXBuildFile; fileRef = A18872621B40DBCD00E6A832 /* RandomUserConverter.m */; };
		A18872661B41CE5100E6A832 /* NSOperationQueueSingleton.m in Sources */ = {isa = PBXBuildFile; fileRef = A18872651B41CE5100E6A832 /* NSOperationQueueSingleton.m */; };
/* End PBXBuildFile section */

/* Begin PBXContainerItemProxy section */
		A1775DFD1B408EC1009A03E5 /* PBXContainerItemProxy */ = {
			isa = PBXContainerItemProxy;
			containerPortal = A1775DD81B408EC1009A03E5 /* Project object */;
			proxyType = 1;
			remoteGlobalIDString = A1775DDF1B408EC1009A03E5;
			remoteInfo = AddressBookDisplay;
		};
/* End PBXContainerItemProxy section */

/* Begin PBXFileReference section */
		A1775DE01B408EC1009A03E5 /* AddressBookDisplay.app */ = {isa = PBXFileReference; explicitFileType = wrapper.application; includeInIndex = 0; path = AddressBookDisplay.app; sourceTree = BUILT_PRODUCTS_DIR; };
		A1775DE41B408EC1009A03E5 /* Info.plist */ = {isa = PBXFileReference; lastKnownFileType = text.plist.xml; path = Info.plist; sourceTree = "<group>"; };
		A1775DE51B408EC1009A03E5 /* main.m */ = {isa = PBXFileReference; lastKnownFileType = sourcecode.c.objc; path = main.m; sourceTree = "<group>"; };
		A1775DE71B408EC1009A03E5 /* AppDelegate.h */ = {isa = PBXFileReference; lastKnownFileType = sourcecode.c.h; path = AppDelegate.h; sourceTree = "<group>"; };
		A1775DE81B408EC1009A03E5 /* AppDelegate.m */ = {isa = PBXFileReference; lastKnownFileType = sourcecode.c.objc; path = AppDelegate.m; sourceTree = "<group>"; };
		A1775DEA1B408EC1009A03E5 /* MasterViewController.h */ = {isa = PBXFileReference; lastKnownFileType = sourcecode.c.h; path = MasterViewController.h; sourceTree = "<group>"; };
		A1775DEB1B408EC1009A03E5 /* MasterViewController.m */ = {isa = PBXFileReference; lastKnownFileType = sourcecode.c.objc; path = MasterViewController.m; sourceTree = "<group>"; };
		A1775DED1B408EC1009A03E5 /* DetailViewController.h */ = {isa = PBXFileReference; lastKnownFileType = sourcecode.c.h; path = DetailViewController.h; sourceTree = "<group>"; };
		A1775DEE1B408EC1009A03E5 /* DetailViewController.m */ = {isa = PBXFileReference; lastKnownFileType = sourcecode.c.objc; path = DetailViewController.m; sourceTree = "<group>"; };
		A1775DF11B408EC1009A03E5 /* Base */ = {isa = PBXFileReference; lastKnownFileType = file.storyboard; name = Base; path = Base.lproj/Main.storyboard; sourceTree = "<group>"; };
		A1775DF31B408EC1009A03E5 /* Images.xcassets */ = {isa = PBXFileReference; lastKnownFileType = folder.assetcatalog; path = Images.xcassets; sourceTree = "<group>"; };
		A1775DF61B408EC1009A03E5 /* Base */ = {isa = PBXFileReference; lastKnownFileType = file.xib; name = Base; path = Base.lproj/LaunchScreen.xib; sourceTree = "<group>"; };
		A1775DFC1B408EC1009A03E5 /* AddressBookDisplayTests.xctest */ = {isa = PBXFileReference; explicitFileType = wrapper.cfbundle; includeInIndex = 0; path = AddressBookDisplayTests.xctest; sourceTree = BUILT_PRODUCTS_DIR; };
		A1775E011B408EC1009A03E5 /* Info.plist */ = {isa = PBXFileReference; lastKnownFileType = text.plist.xml; path = Info.plist; sourceTree = "<group>"; };
		A1775E021B408EC1009A03E5 /* AddressBookDisplayTests.m */ = {isa = PBXFileReference; lastKnownFileType = sourcecode.c.objc; path = AddressBookDisplayTests.m; sourceTree = "<group>"; };
		A1775E111B40ADB7009A03E5 /* RandomUserCollector.h */ = {isa = PBXFileReference; fileEncoding = 4; lastKnownFileType = sourcecode.c.h; path = RandomUserCollector.h; sourceTree = "<group>"; };
		A1775E121B40ADB7009A03E5 /* RandomUserCollector.m */ = {isa = PBXFileReference; fileEncoding = 4; lastKnownFileType = sourcecode.c.objc; path = RandomUserCollector.m; sourceTree = "<group>"; };
		A18872611B40DBCD00E6A832 /* RandomUserConverter.h */ = {isa = PBXFileReference; fileEncoding = 4; lastKnownFileType = sourcecode.c.h; path = RandomUserConverter.h; sourceTree = "<group>"; };
		A18872621B40DBCD00E6A832 /* RandomUserConverter.m */ = {isa = PBXFileReference; fileEncoding = 4; lastKnownFileType = sourcecode.c.objc; path = RandomUserConverter.m; sourceTree = "<group>"; };
		A18872641B41CE5100E6A832 /* NSOperationQueueSingleton.h */ = {isa = PBXFileReference; fileEncoding = 4; lastKnownFileType = sourcecode.c.h; path = NSOperationQueueSingleton.h; sourceTree = "<group>"; };
		A18872651B41CE5100E6A832 /* NSOperationQueueSingleton.m */ = {isa = PBXFileReference; fileEncoding = 4; lastKnownFileType = sourcecode.c.objc; path = NSOperationQueueSingleton.m; sourceTree = "<group>"; };
/* End PBXFileReference section */

/* Begin PBXFrameworksBuildPhase section */
		A1775DDD1B408EC1009A03E5 /* Frameworks */ = {
			isa = PBXFrameworksBuildPhase;
			buildActionMask = 2147483647;
			files = (
			);
			runOnlyForDeploymentPostprocessing = 0;
		};
		A1775DF91B408EC1009A03E5 /* Frameworks */ = {
			isa = PBXFrameworksBuildPhase;
			buildActionMask = 2147483647;
			files = (
			);
			runOnlyForDeploymentPostprocessing = 0;
		};
/* End PBXFrameworksBuildPhase section */

/* Begin PBXGroup section */
		A1775DD71B408EC1009A03E5 = {
			isa = PBXGroup;
			children = (
				A1775DE21B408EC1009A03E5 /* AddressBookDisplay */,
				A1775DFF1B408EC1009A03E5 /* AddressBookDisplayTests */,
				A1775DE11B408EC1009A03E5 /* Products */,
			);
			sourceTree = "<group>";
		};
		A1775DE11B408EC1009A03E5 /* Products */ = {
			isa = PBXGroup;
			children = (
				A1775DE01B408EC1009A03E5 /* AddressBookDisplay.app */,
				A1775DFC1B408EC1009A03E5 /* AddressBookDisplayTests.xctest */,
			);
			name = Products;
			sourceTree = "<group>";
		};
		A1775DE21B408EC1009A03E5 /* AddressBookDisplay */ = {
			isa = PBXGroup;
			children = (
				A18872641B41CE5100E6A832 /* NSOperationQueueSingleton.h */,
				A18872651B41CE5100E6A832 /* NSOperationQueueSingleton.m */,
				A1775E151B40ADE7009A03E5 /* DataCollectors */,
				A1775E141B40ADC4009A03E5 /* ViewControllers */,
				A1775DE71B408EC1009A03E5 /* AppDelegate.h */,
				A1775DE81B408EC1009A03E5 /* AppDelegate.m */,
				A1775DF31B408EC1009A03E5 /* Images.xcassets */,
				A1775DF51B408EC1009A03E5 /* LaunchScreen.xib */,
				A1775DE31B408EC1009A03E5 /* Supporting Files */,
			);
			path = AddressBookDisplay;
			sourceTree = "<group>";
		};
		A1775DE31B408EC1009A03E5 /* Supporting Files */ = {
			isa = PBXGroup;
			children = (
				A1775DE41B408EC1009A03E5 /* Info.plist */,
				A1775DE51B408EC1009A03E5 /* main.m */,
			);
			name = "Supporting Files";
			sourceTree = "<group>";
		};
		A1775DFF1B408EC1009A03E5 /* AddressBookDisplayTests */ = {
			isa = PBXGroup;
			children = (
				A1775E021B408EC1009A03E5 /* AddressBookDisplayTests.m */,
				A1775E001B408EC1009A03E5 /* Supporting Files */,
			);
			path = AddressBookDisplayTests;
			sourceTree = "<group>";
		};
		A1775E001B408EC1009A03E5 /* Supporting Files */ = {
			isa = PBXGroup;
			children = (
				A1775E011B408EC1009A03E5 /* Info.plist */,
			);
			name = "Supporting Files";
			sourceTree = "<group>";
		};
		A1775E141B40ADC4009A03E5 /* ViewControllers */ = {
			isa = PBXGroup;
			children = (
				A1775DEA1B408EC1009A03E5 /* MasterViewController.h */,
				A1775DEB1B408EC1009A03E5 /* MasterViewController.m */,
				A1775DED1B408EC1009A03E5 /* DetailViewController.h */,
				A1775DEE1B408EC1009A03E5 /* DetailViewController.m */,
				A1775DF01B408EC1009A03E5 /* Main.storyboard */,
			);
			name = ViewControllers;
			sourceTree = "<group>";
		};
		A1775E151B40ADE7009A03E5 /* DataCollectors */ = {
			isa = PBXGroup;
			children = (
				A1775E161B40BB83009A03E5 /* AddressDetails */,
				A1775E111B40ADB7009A03E5 /* RandomUserCollector.h */,
				A1775E121B40ADB7009A03E5 /* RandomUserCollector.m */,
			);
			name = DataCollectors;
			sourceTree = "<group>";
		};
		A1775E161B40BB83009A03E5 /* AddressDetails */ = {
			isa = PBXGroup;
			children = (
				A18872611B40DBCD00E6A832 /* RandomUserConverter.h */,
				A18872621B40DBCD00E6A832 /* RandomUserConverter.m */,
			);
			name = AddressDetails;
			sourceTree = "<group>";
		};
/* End PBXGroup section */

/* Begin PBXNativeTarget section */
		A1775DDF1B408EC1009A03E5 /* AddressBookDisplay */ = {
			isa = PBXNativeTarget;
			buildConfigurationList = A1775E061B408EC1009A03E5 /* Build configuration list for PBXNativeTarget "AddressBookDisplay" */;
			buildPhases = (
				A1775DDC1B408EC1009A03E5 /* Sources */,
				A1775DDD1B408EC1009A03E5 /* Frameworks */,
				A1775DDE1B408EC1009A03E5 /* Resources */,
			);
			buildRules = (
			);
			dependencies = (
			);
			name = AddressBookDisplay;
			productName = AddressBookDisplay;
			productReference = A1775DE01B408EC1009A03E5 /* AddressBookDisplay.app */;
			productType = "com.apple.product-type.application";
		};
		A1775DFB1B408EC1009A03E5 /* AddressBookDisplayTests */ = {
			isa = PBXNativeTarget;
			buildConfigurationList = A1775E091B408EC1009A03E5 /* Build configuration list for PBXNativeTarget "AddressBookDisplayTests" */;
			buildPhases = (
				A1775DF81B408EC1009A03E5 /* Sources */,
				A1775DF91B408EC1009A03E5 /* Frameworks */,
				A1775DFA1B408EC1009A03E5 /* Resources */,
			);
			buildRules = (
			);
			dependencies = (
				A1775DFE1B408EC1009A03E5 /* PBXTargetDependency */,
			);
			name = AddressBookDisplayTests;
			productName = AddressBookDisplayTests;
			productReference = A1775DFC1B408EC1009A03E5 /* AddressBookDisplayTests.xctest */;
			productType = "com.apple.product-type.bundle.unit-test";
		};
/* End PBXNativeTarget section */

/* Begin PBXProject section */
		A1775DD81B408EC1009A03E5 /* Project object */ = {
			isa = PBXProject;
			attributes = {
				LastUpgradeCheck = 0630;
				ORGANIZATIONNAME = "D2tech Software";
				TargetAttributes = {
					A1775DDF1B408EC1009A03E5 = {
						CreatedOnToolsVersion = 6.3.1;
					};
					A1775DFB1B408EC1009A03E5 = {
						CreatedOnToolsVersion = 6.3.1;
						TestTargetID = A1775DDF1B408EC1009A03E5;
					};
				};
			};
			buildConfigurationList = A1775DDB1B408EC1009A03E5 /* Build configuration list for PBXProject "AddressBookDisplay" */;
			compatibilityVersion = "Xcode 3.2";
			developmentRegion = English;
			hasScannedForEncodings = 0;
			knownRegions = (
				en,
				Base,
			);
			mainGroup = A1775DD71B408EC1009A03E5;
			productRefGroup = A1775DE11B408EC1009A03E5 /* Products */;
			projectDirPath = "";
			projectRoot = "";
			targets = (
				A1775DDF1B408EC1009A03E5 /* AddressBookDisplay */,
				A1775DFB1B408EC1009A03E5 /* AddressBookDisplayTests */,
			);
		};
/* End PBXProject section */

/* Begin PBXResourcesBuildPhase section */
		A1775DDE1B408EC1009A03E5 /* Resources */ = {
			isa = PBXResourcesBuildPhase;
			buildActionMask = 2147483647;
			files = (
				A1775DF21B408EC1009A03E5 /* Main.storyboard in Resources */,
				A1775DF71B408EC1009A03E5 /* LaunchScreen.xib in Resources */,
				A1775DF41B408EC1009A03E5 /* Images.xcassets in Resources */,
			);
			runOnlyForDeploymentPostprocessing = 0;
		};
		A1775DFA1B408EC1009A03E5 /* Resources */ = {
			isa = PBXResourcesBuildPhase;
			buildActionMask = 2147483647;
			files = (
			);
			runOnlyForDeploymentPostprocessing = 0;
		};
/* End PBXResourcesBuildPhase section */

/* Begin PBXSourcesBuildPhase section */
		A1775DDC1B408EC1009A03E5 /* Sources */ = {
			isa = PBXSourcesBuildPhase;
			buildActionMask = 2147483647;
			files = (
				A1775DE91B408EC1009A03E5 /* AppDelegate.m in Sources */,
				A1775DEC1B408EC1009A03E5 /* MasterViewController.m in Sources */,
				A18872631B40DBCD00E6A832 /* RandomUserConverter.m in Sources */,
				A1775E131B40ADB7009A03E5 /* RandomUserCollector.m in Sources */,
				A1775DE61B408EC1009A03E5 /* main.m in Sources */,
				A18872661B41CE5100E6A832 /* NSOperationQueueSingleton.m in Sources */,
				A1775DEF1B408EC1009A03E5 /* DetailViewController.m in Sources */,
			);
			runOnlyForDeploymentPostprocessing = 0;
		};
		A1775DF81B408EC1009A03E5 /* Sources */ = {
			isa = PBXSourcesBuildPhase;
			buildActionMask = 2147483647;
			files = (
				A1775E031B408EC1009A03E5 /* AddressBookDisplayTests.m in Sources */,
			);
			runOnlyForDeploymentPostprocessing = 0;
		};
/* End PBXSourcesBuildPhase section */

/* Begin PBXTargetDependency section */
		A1775DFE1B408EC1009A03E5 /* PBXTargetDependency */ = {
			isa = PBXTargetDependency;
			target = A1775DDF1B408EC1009A03E5 /* AddressBookDisplay */;
			targetProxy = A1775DFD1B408EC1009A03E5 /* PBXContainerItemProxy */;
		};
/* End PBXTargetDependency section */

/* Begin PBXVariantGroup section */
		A1775DF01B408EC1009A03E5 /* Main.storyboard */ = {
			isa = PBXVariantGroup;
			children = (
				A1775DF11B408EC1009A03E5 /* Base */,
			);
			name = Main.storyboard;
			sourceTree = "<group>";
		};
		A1775DF51B408EC1009A03E5 /* LaunchScreen.xib */ = {
			isa = PBXVariantGroup;
			children = (
				A1775DF61B408EC1009A03E5 /* Base */,
			);
			name = LaunchScreen.xib;
			sourceTree = "<group>";
		};
/* End PBXVariantGroup section */

/* Begin XCBuildConfiguration section */
		A1775E041B408EC1009A03E5 /* Debug */ = {
			isa = XCBuildConfiguration;
			buildSettings = {
				ALWAYS_SEARCH_USER_PATHS = NO;
				CLANG_CXX_LANGUAGE_STANDARD = "gnu++0x";
				CLANG_CXX_LIBRARY = "libc++";
				CLANG_ENABLE_MODULES = YES;
				CLANG_ENABLE_OBJC_ARC = YES;
				CLANG_WARN_BOOL_CONVERSION = YES;
				CLANG_WARN_CONSTANT_CONVERSION = YES;
				CLANG_WARN_DIRECT_OBJC_ISA_USAGE = YES_ERROR;
				CLANG_WARN_EMPTY_BODY = YES;
				CLANG_WARN_ENUM_CONVERSION = YES;
				CLANG_WARN_INT_CONVERSION = YES;
				CLANG_WARN_OBJC_ROOT_CLASS = YES_ERROR;
				CLANG_WARN_UNREACHABLE_CODE = YES;
				CLANG_WARN__DUPLICATE_METHOD_MATCH = YES;
				"CODE_SIGN_IDENTITY[sdk=iphoneos*]" = "iPhone Developer";
				COPY_PHASE_STRIP = NO;
				DEBUG_INFORMATION_FORMAT = "dwarf-with-dsym";
				ENABLE_STRICT_OBJC_MSGSEND = YES;
				GCC_C_LANGUAGE_STANDARD = gnu99;
				GCC_DYNAMIC_NO_PIC = NO;
				GCC_NO_COMMON_BLOCKS = YES;
				GCC_OPTIMIZATION_LEVEL = 0;
				GCC_PREPROCESSOR_DEFINITIONS = (
					"DEBUG=1",
					"$(inherited)",
				);
				GCC_SYMBOLS_PRIVATE_EXTERN = NO;
				GCC_WARN_64_TO_32_BIT_CONVERSION = YES;
				GCC_WARN_ABOUT_RETURN_TYPE = YES_ERROR;
				GCC_WARN_UNDECLARED_SELECTOR = YES;
				GCC_WARN_UNINITIALIZED_AUTOS = YES_AGGRESSIVE;
				GCC_WARN_UNUSED_FUNCTION = YES;
				GCC_WARN_UNUSED_VARIABLE = YES;
				IPHONEOS_DEPLOYMENT_TARGET = 8.3;
				MTL_ENABLE_DEBUG_INFO = YES;
				ONLY_ACTIVE_ARCH = YES;
				SDKROOT = iphoneos;
				TARGETED_DEVICE_FAMILY = "1,2";
			};
			name = Debug;
		};
		A1775E051B408EC1009A03E5 /* Release */ = {
			isa = XCBuildConfiguration;
			buildSettings = {
				ALWAYS_SEARCH_USER_PATHS = NO;
				CLANG_CXX_LANGUAGE_STANDARD = "gnu++0x";
				CLANG_CXX_LIBRARY = "libc++";
				CLANG_ENABLE_MODULES = YES;
				CLANG_ENABLE_OBJC_ARC = YES;
				CLANG_WARN_BOOL_CONVERSION = YES;
				CLANG_WARN_CONSTANT_CONVERSION = YES;
				CLANG_WARN_DIRECT_OBJC_ISA_USAGE = YES_ERROR;
				CLANG_WARN_EMPTY_BODY = YES;
				CLANG_WARN_ENUM_CONVERSION = YES;
				CLANG_WARN_INT_CONVERSION = YES;
				CLANG_WARN_OBJC_ROOT_CLASS = YES_ERROR;
				CLANG_WARN_UNREACHABLE_CODE = YES;
				CLANG_WARN__DUPLICATE_METHOD_MATCH = YES;
				"CODE_SIGN_IDENTITY[sdk=iphoneos*]" = "iPhone Developer";
				COPY_PHASE_STRIP = NO;
				DEBUG_INFORMATION_FORMAT = "dwarf-with-dsym";
				ENABLE_NS_ASSERTIONS = NO;
				ENABLE_STRICT_OBJC_MSGSEND = YES;
				GCC_C_LANGUAGE_STANDARD = gnu99;
				GCC_NO_COMMON_BLOCKS = YES;
				GCC_WARN_64_TO_32_BIT_CONVERSION = YES;
				GCC_WARN_ABOUT_RETURN_TYPE = YES_ERROR;
				GCC_WARN_UNDECLARED_SELECTOR = YES;
				GCC_WARN_UNINITIALIZED_AUTOS = YES_AGGRESSIVE;
				GCC_WARN_UNUSED_FUNCTION = YES;
				GCC_WARN_UNUSED_VARIABLE = YES;
				IPHONEOS_DEPLOYMENT_TARGET = 8.3;
				MTL_ENABLE_DEBUG_INFO = NO;
				SDKROOT = iphoneos;
				TARGETED_DEVICE_FAMILY = "1,2";
				VALIDATE_PRODUCT = YES;
			};
			name = Release;
		};
		A1775E071B408EC1009A03E5 /* Debug */ = {
			isa = XCBuildConfiguration;
			buildSettings = {
				ASSETCATALOG_COMPILER_APPICON_NAME = AppIcon;
				INFOPLIST_FILE = AddressBookDisplay/Info.plist;
				LD_RUNPATH_SEARCH_PATHS = "$(inherited) @executable_path/Frameworks";
				PRODUCT_NAME = "$(TARGET_NAME)";
			};
			name = Debug;
		};
		A1775E081B408EC1009A03E5 /* Release */ = {
			isa = XCBuildConfiguration;
			buildSettings = {
				ASSETCATALOG_COMPILER_APPICON_NAME = AppIcon;
				INFOPLIST_FILE = AddressBookDisplay/Info.plist;
				LD_RUNPATH_SEARCH_PATHS = "$(inherited) @executable_path/Frameworks";
				PRODUCT_NAME = "$(TARGET_NAME)";
			};
			name = Release;
		};
		A1775E0A1B408EC1009A03E5 /* Debug */ = {
			isa = XCBuildConfiguration;
			buildSettings = {
				BUNDLE_LOADER = "$(TEST_HOST)";
				FRAMEWORK_SEARCH_PATHS = (
					"$(SDKROOT)/Developer/Library/Frameworks",
					"$(inherited)",
				);
				GCC_PREPROCESSOR_DEFINITIONS = (
					"DEBUG=1",
					"$(inherited)",
				);
				INFOPLIST_FILE = AddressBookDisplayTests/Info.plist;
				LD_RUNPATH_SEARCH_PATHS = "$(inherited) @executable_path/Frameworks @loader_path/Frameworks";
				PRODUCT_NAME = "$(TARGET_NAME)";
				TEST_HOST = "$(BUILT_PRODUCTS_DIR)/AddressBookDisplay.app/AddressBookDisplay";
			};
			name = Debug;
		};
		A1775E0B1B408EC1009A03E5 /* Release */ = {
			isa = XCBuildConfiguration;
			buildSettings = {
				BUNDLE_LOADER = "$(TEST_HOST)";
				FRAMEWORK_SEARCH_PATHS = (
					"$(SDKROOT)/Developer/Library/Frameworks",
					"$(inherited)",
				);
				INFOPLIST_FILE = AddressBookDisplayTests/Info.plist;
				LD_RUNPATH_SEARCH_PATHS = "$(inherited) @executable_path/Frameworks @loader_path/Frameworks";
				PRODUCT_NAME = "$(TARGET_NAME)";
				TEST_HOST = "$(BUILT_PRODUCTS_DIR)/AddressBookDisplay.app/AddressBookDisplay";
			};
			name = Release;
		};
/* End XCBuildConfiguration section */

/* Begin XCConfigurationList section */
		A1775DDB1B408EC1009A03E5 /* Build configuration list for PBXProject "AddressBookDisplay" */ = {
			isa = XCConfigurationList;
			buildConfigurations = (
				A1775E041B408EC1009A03E5 /* Debug */,
				A1775E051B408EC1009A03E5 /* Release */,
			);
			defaultConfigurationIsVisible = 0;
			defaultConfigurationName = Release;
		};
		A1775E061B408EC1009A03E5 /* Build configuration list for PBXNativeTarget "AddressBookDisplay" */ = {
			isa = XCConfigurationList;
			buildConfigurations = (
				A1775E071B408EC1009A03E5 /* Debug */,
				A1775E081B408EC1009A03E5 /* Release */,
			);
			defaultConfigurationIsVisible = 0;
			defaultConfigurationName = Release;
		};
		A1775E091B408EC1009A03E5 /* Build configuration list for PBXNativeTarget "AddressBookDisplayTests" */ = {
			isa = XCConfigurationList;
			buildConfigurations = (
				A1775E0A1B408EC1009A03E5 /* Debug */,
				A1775E0B1B408EC1009A03E5 /* Release */,
			);
			defaultConfigurationIsVisible = 0;
			defaultConfigurationName = Release;
		};
/* End XCConfigurationList section */
	};
	rootObject = A1775DD81B408EC1009A03E5 /* Project object */;
}
